// !$*UTF8*$!
{
	archiveVersion = 1;
	classes = {
	};
	objectVersion = 46;
	objects = {

/* Begin PBXBuildFile section */
		5E8D63FCD3087BF756142A76 /* Pods_top10.framework in Frameworks */ = {isa = PBXBuildFile; fileRef = 93DF52105F107864DBEF51B2 /* Pods_top10.framework */; };
		CBF2B0ED1D750ACF00BBC217 /* AppDelegate.swift in Sources */ = {isa = PBXBuildFile; fileRef = CBF2B0EC1D750ACF00BBC217 /* AppDelegate.swift */; };
		CBF2B0EF1D750ACF00BBC217 /* ViewController.swift in Sources */ = {isa = PBXBuildFile; fileRef = CBF2B0EE1D750ACF00BBC217 /* ViewController.swift */; };
		CBF2B0F21D750ACF00BBC217 /* Main.storyboard in Resources */ = {isa = PBXBuildFile; fileRef = CBF2B0F01D750ACF00BBC217 /* Main.storyboard */; };
		CBF2B0F41D750ACF00BBC217 /* Assets.xcassets in Resources */ = {isa = PBXBuildFile; fileRef = CBF2B0F31D750ACF00BBC217 /* Assets.xcassets */; };
		CBF2B0F71D750ACF00BBC217 /* LaunchScreen.storyboard in Resources */ = {isa = PBXBuildFile; fileRef = CBF2B0F51D750ACF00BBC217 /* LaunchScreen.storyboard */; };
		CBF2B1021D750ACF00BBC217 /* top10Tests.swift in Sources */ = {isa = PBXBuildFile; fileRef = CBF2B1011D750ACF00BBC217 /* top10Tests.swift */; };
		CBF2B10D1D750ACF00BBC217 /* top10UITests.swift in Sources */ = {isa = PBXBuildFile; fileRef = CBF2B10C1D750ACF00BBC217 /* top10UITests.swift */; };
		CBF2B11E1D75274600BBC217 /* TrendingTopic.swift in Sources */ = {isa = PBXBuildFile; fileRef = CBF2B11D1D75274600BBC217 /* TrendingTopic.swift */; };
		CBF2B1201D752EE000BBC217 /* TrendingTopicModel.swift in Sources */ = {isa = PBXBuildFile; fileRef = CBF2B11F1D752EE000BBC217 /* TrendingTopicModel.swift */; };
		CBF2B1221D7551D000BBC217 /* TrendingTopicsViewController.swift in Sources */ = {isa = PBXBuildFile; fileRef = CBF2B1211D7551D000BBC217 /* TrendingTopicsViewController.swift */; };
		CBF2B1241D75523600BBC217 /* TweetsViewController.swift in Sources */ = {isa = PBXBuildFile; fileRef = CBF2B1231D75523600BBC217 /* TweetsViewController.swift */; };
		CBF2B1281D75659600BBC217 /* TrendingTopicViewCell.swift in Sources */ = {isa = PBXBuildFile; fileRef = CBF2B1271D75659600BBC217 /* TrendingTopicViewCell.swift */; };
		CBF2B12C1D7596D600BBC217 /* TwitterServiceWrapper.swift in Sources */ = {isa = PBXBuildFile; fileRef = CBF2B12B1D7596D600BBC217 /* TwitterServiceWrapper.swift */; };
		CBF2B12E1D76764300BBC217 /* EditLocationViewController.swift in Sources */ = {isa = PBXBuildFile; fileRef = CBF2B12D1D76764300BBC217 /* EditLocationViewController.swift */; };
		CBF2B1301D7678AD00BBC217 /* Location.swift in Sources */ = {isa = PBXBuildFile; fileRef = CBF2B12F1D7678AD00BBC217 /* Location.swift */; };
		CBF2B1321D7678D900BBC217 /* LocationModel.swift in Sources */ = {isa = PBXBuildFile; fileRef = CBF2B1311D7678D900BBC217 /* LocationModel.swift */; };
/* End PBXBuildFile section */

/* Begin PBXContainerItemProxy section */
		CBF2B0FE1D750ACF00BBC217 /* PBXContainerItemProxy */ = {
			isa = PBXContainerItemProxy;
			containerPortal = CBF2B0E11D750ACF00BBC217 /* Project object */;
			proxyType = 1;
			remoteGlobalIDString = CBF2B0E81D750ACF00BBC217;
			remoteInfo = top10;
		};
		CBF2B1091D750ACF00BBC217 /* PBXContainerItemProxy */ = {
			isa = PBXContainerItemProxy;
			containerPortal = CBF2B0E11D750ACF00BBC217 /* Project object */;
			proxyType = 1;
			remoteGlobalIDString = CBF2B0E81D750ACF00BBC217;
			remoteInfo = top10;
		};
/* End PBXContainerItemProxy section */

/* Begin PBXFileReference section */
		93DF52105F107864DBEF51B2 /* Pods_top10.framework */ = {isa = PBXFileReference; explicitFileType = wrapper.framework; includeInIndex = 0; path = Pods_top10.framework; sourceTree = BUILT_PRODUCTS_DIR; };
		C510FB7273FFA4C3A0482A1A /* Pods-top10.debug.xcconfig */ = {isa = PBXFileReference; includeInIndex = 1; lastKnownFileType = text.xcconfig; name = "Pods-top10.debug.xcconfig"; path = "Pods/Target Support Files/Pods-top10/Pods-top10.debug.xcconfig"; sourceTree = "<group>"; };
		CBF2B0E91D750ACF00BBC217 /* top10.app */ = {isa = PBXFileReference; explicitFileType = wrapper.application; includeInIndex = 0; path = top10.app; sourceTree = BUILT_PRODUCTS_DIR; };
		CBF2B0EC1D750ACF00BBC217 /* AppDelegate.swift */ = {isa = PBXFileReference; lastKnownFileType = sourcecode.swift; path = AppDelegate.swift; sourceTree = "<group>"; };
		CBF2B0EE1D750ACF00BBC217 /* ViewController.swift */ = {isa = PBXFileReference; lastKnownFileType = sourcecode.swift; name = ViewController.swift; path = ../ViewController.swift; sourceTree = "<group>"; };
		CBF2B0F11D750ACF00BBC217 /* Base */ = {isa = PBXFileReference; lastKnownFileType = file.storyboard; name = Base; path = Base.lproj/Main.storyboard; sourceTree = "<group>"; };
		CBF2B0F31D750ACF00BBC217 /* Assets.xcassets */ = {isa = PBXFileReference; lastKnownFileType = folder.assetcatalog; path = Assets.xcassets; sourceTree = "<group>"; };
		CBF2B0F61D750ACF00BBC217 /* Base */ = {isa = PBXFileReference; lastKnownFileType = file.storyboard; name = Base; path = Base.lproj/LaunchScreen.storyboard; sourceTree = "<group>"; };
		CBF2B0F81D750ACF00BBC217 /* Info.plist */ = {isa = PBXFileReference; lastKnownFileType = text.plist.xml; path = Info.plist; sourceTree = "<group>"; };
		CBF2B0FD1D750ACF00BBC217 /* top10Tests.xctest */ = {isa = PBXFileReference; explicitFileType = wrapper.cfbundle; includeInIndex = 0; path = top10Tests.xctest; sourceTree = BUILT_PRODUCTS_DIR; };
		CBF2B1011D750ACF00BBC217 /* top10Tests.swift */ = {isa = PBXFileReference; lastKnownFileType = sourcecode.swift; path = top10Tests.swift; sourceTree = "<group>"; };
		CBF2B1031D750ACF00BBC217 /* Info.plist */ = {isa = PBXFileReference; lastKnownFileType = text.plist.xml; path = Info.plist; sourceTree = "<group>"; };
		CBF2B1081D750ACF00BBC217 /* top10UITests.xctest */ = {isa = PBXFileReference; explicitFileType = wrapper.cfbundle; includeInIndex = 0; path = top10UITests.xctest; sourceTree = BUILT_PRODUCTS_DIR; };
		CBF2B10C1D750ACF00BBC217 /* top10UITests.swift */ = {isa = PBXFileReference; lastKnownFileType = sourcecode.swift; path = top10UITests.swift; sourceTree = "<group>"; };
		CBF2B10E1D750ACF00BBC217 /* Info.plist */ = {isa = PBXFileReference; lastKnownFileType = text.plist.xml; path = Info.plist; sourceTree = "<group>"; };
		CBF2B11D1D75274600BBC217 /* TrendingTopic.swift */ = {isa = PBXFileReference; fileEncoding = 4; lastKnownFileType = sourcecode.swift; path = TrendingTopic.swift; sourceTree = "<group>"; };
		CBF2B11F1D752EE000BBC217 /* TrendingTopicModel.swift */ = {isa = PBXFileReference; fileEncoding = 4; lastKnownFileType = sourcecode.swift; path = TrendingTopicModel.swift; sourceTree = "<group>"; };
		CBF2B1211D7551D000BBC217 /* TrendingTopicsViewController.swift */ = {isa = PBXFileReference; fileEncoding = 4; lastKnownFileType = sourcecode.swift; path = TrendingTopicsViewController.swift; sourceTree = "<group>"; };
		CBF2B1231D75523600BBC217 /* TweetsViewController.swift */ = {isa = PBXFileReference; fileEncoding = 4; lastKnownFileType = sourcecode.swift; path = TweetsViewController.swift; sourceTree = "<group>"; };
		CBF2B1271D75659600BBC217 /* TrendingTopicViewCell.swift */ = {isa = PBXFileReference; fileEncoding = 4; lastKnownFileType = sourcecode.swift; path = TrendingTopicViewCell.swift; sourceTree = "<group>"; };
		CBF2B12B1D7596D600BBC217 /* TwitterServiceWrapper.swift */ = {isa = PBXFileReference; fileEncoding = 4; lastKnownFileType = sourcecode.swift; path = TwitterServiceWrapper.swift; sourceTree = "<group>"; };
		CBF2B12D1D76764300BBC217 /* EditLocationViewController.swift */ = {isa = PBXFileReference; fileEncoding = 4; lastKnownFileType = sourcecode.swift; path = EditLocationViewController.swift; sourceTree = "<group>"; };
		CBF2B12F1D7678AD00BBC217 /* Location.swift */ = {isa = PBXFileReference; fileEncoding = 4; lastKnownFileType = sourcecode.swift; path = Location.swift; sourceTree = "<group>"; };
		CBF2B1311D7678D900BBC217 /* LocationModel.swift */ = {isa = PBXFileReference; fileEncoding = 4; lastKnownFileType = sourcecode.swift; path = LocationModel.swift; sourceTree = "<group>"; };
		E9BE3FF89F9BAA569244559D /* Pods-top10.release.xcconfig */ = {isa = PBXFileReference; includeInIndex = 1; lastKnownFileType = text.xcconfig; name = "Pods-top10.release.xcconfig"; path = "Pods/Target Support Files/Pods-top10/Pods-top10.release.xcconfig"; sourceTree = "<group>"; };
/* End PBXFileReference section */

/* Begin PBXFrameworksBuildPhase section */
		CBF2B0E61D750ACF00BBC217 /* Frameworks */ = {
			isa = PBXFrameworksBuildPhase;
			buildActionMask = 2147483647;
			files = (
				5E8D63FCD3087BF756142A76 /* Pods_top10.framework in Frameworks */,
			);
			runOnlyForDeploymentPostprocessing = 0;
		};
		CBF2B0FA1D750ACF00BBC217 /* Frameworks */ = {
			isa = PBXFrameworksBuildPhase;
			buildActionMask = 2147483647;
			files = (
			);
			runOnlyForDeploymentPostprocessing = 0;
		};
		CBF2B1051D750ACF00BBC217 /* Frameworks */ = {
			isa = PBXFrameworksBuildPhase;
			buildActionMask = 2147483647;
			files = (
			);
			runOnlyForDeploymentPostprocessing = 0;
		};
/* End PBXFrameworksBuildPhase section */

/* Begin PBXGroup section */
		2903AAD90A286D15951BC36F /* Frameworks */ = {
			isa = PBXGroup;
			children = (
				93DF52105F107864DBEF51B2 /* Pods_top10.framework */,
			);
			name = Frameworks;
			sourceTree = "<group>";
		};
		CBF2B0E01D750ACF00BBC217 = {
			isa = PBXGroup;
			children = (
				CBF2B0EB1D750ACF00BBC217 /* top10 */,
				CBF2B1001D750ACF00BBC217 /* top10Tests */,
				CBF2B10B1D750ACF00BBC217 /* top10UITests */,
				CBF2B0EA1D750ACF00BBC217 /* Products */,
				FCE5F53B988BCFA958A59F91 /* Pods */,
				2903AAD90A286D15951BC36F /* Frameworks */,
			);
			sourceTree = "<group>";
		};
		CBF2B0EA1D750ACF00BBC217 /* Products */ = {
			isa = PBXGroup;
			children = (
				CBF2B0E91D750ACF00BBC217 /* top10.app */,
				CBF2B0FD1D750ACF00BBC217 /* top10Tests.xctest */,
				CBF2B1081D750ACF00BBC217 /* top10UITests.xctest */,
			);
			name = Products;
			sourceTree = "<group>";
		};
		CBF2B0EB1D750ACF00BBC217 /* top10 */ = {
			isa = PBXGroup;
			children = (
				CBF2B11A1D75262B00BBC217 /* Models */,
				CBF2B11B1D75262B00BBC217 /* ViewControllers */,
				CBF2B11C1D75262B00BBC217 /* Views */,
				CBF2B0EC1D750ACF00BBC217 /* AppDelegate.swift */,
				CBF2B0F01D750ACF00BBC217 /* Main.storyboard */,
				CBF2B0F31D750ACF00BBC217 /* Assets.xcassets */,
				CBF2B0F51D750ACF00BBC217 /* LaunchScreen.storyboard */,
				CBF2B0F81D750ACF00BBC217 /* Info.plist */,
				CBF2B12B1D7596D600BBC217 /* TwitterServiceWrapper.swift */,
			);
			path = top10;
			sourceTree = "<group>";
		};
		CBF2B1001D750ACF00BBC217 /* top10Tests */ = {
			isa = PBXGroup;
			children = (
				CBF2B1011D750ACF00BBC217 /* top10Tests.swift */,
				CBF2B1031D750ACF00BBC217 /* Info.plist */,
			);
			path = top10Tests;
			sourceTree = "<group>";
		};
		CBF2B10B1D750ACF00BBC217 /* top10UITests */ = {
			isa = PBXGroup;
			children = (
				CBF2B10C1D750ACF00BBC217 /* top10UITests.swift */,
				CBF2B10E1D750ACF00BBC217 /* Info.plist */,
			);
			path = top10UITests;
			sourceTree = "<group>";
		};
		CBF2B11A1D75262B00BBC217 /* Models */ = {
			isa = PBXGroup;
			children = (
				CBF2B11D1D75274600BBC217 /* TrendingTopic.swift */,
				CBF2B11F1D752EE000BBC217 /* TrendingTopicModel.swift */,
				CBF2B12F1D7678AD00BBC217 /* Location.swift */,
				CBF2B1311D7678D900BBC217 /* LocationModel.swift */,
			);
			path = Models;
			sourceTree = "<group>";
		};
		CBF2B11B1D75262B00BBC217 /* ViewControllers */ = {
			isa = PBXGroup;
			children = (
				CBF2B0EE1D750ACF00BBC217 /* ViewController.swift */,
				CBF2B1211D7551D000BBC217 /* TrendingTopicsViewController.swift */,
				CBF2B12D1D76764300BBC217 /* EditLocationViewController.swift */,
				CBF2B1231D75523600BBC217 /* TweetsViewController.swift */,
			);
			path = ViewControllers;
			sourceTree = "<group>";
		};
		CBF2B11C1D75262B00BBC217 /* Views */ = {
			isa = PBXGroup;
			children = (
				CBF2B1271D75659600BBC217 /* TrendingTopicViewCell.swift */,
			);
			path = Views;
			sourceTree = "<group>";
		};
		FCE5F53B988BCFA958A59F91 /* Pods */ = {
			isa = PBXGroup;
			children = (
				C510FB7273FFA4C3A0482A1A /* Pods-top10.debug.xcconfig */,
				E9BE3FF89F9BAA569244559D /* Pods-top10.release.xcconfig */,
			);
			name = Pods;
			sourceTree = "<group>";
		};
/* End PBXGroup section */

/* Begin PBXNativeTarget section */
		CBF2B0E81D750ACF00BBC217 /* top10 */ = {
			isa = PBXNativeTarget;
			buildConfigurationList = CBF2B1111D750ACF00BBC217 /* Build configuration list for PBXNativeTarget "top10" */;
			buildPhases = (
				065EE6799076F3A981E87740 /* [CP] Check Pods Manifest.lock */,
				CBF2B0E51D750ACF00BBC217 /* Sources */,
				CBF2B0E61D750ACF00BBC217 /* Frameworks */,
				CBF2B0E71D750ACF00BBC217 /* Resources */,
				582A5A860577E91D83BFF484 /* [CP] Embed Pods Frameworks */,
				3B987C36C1E23E2313AB0126 /* [CP] Copy Pods Resources */,
			);
			buildRules = (
			);
			dependencies = (
			);
			name = top10;
			productName = top10;
			productReference = CBF2B0E91D750ACF00BBC217 /* top10.app */;
			productType = "com.apple.product-type.application";
		};
		CBF2B0FC1D750ACF00BBC217 /* top10Tests */ = {
			isa = PBXNativeTarget;
			buildConfigurationList = CBF2B1141D750ACF00BBC217 /* Build configuration list for PBXNativeTarget "top10Tests" */;
			buildPhases = (
				CBF2B0F91D750ACF00BBC217 /* Sources */,
				CBF2B0FA1D750ACF00BBC217 /* Frameworks */,
				CBF2B0FB1D750ACF00BBC217 /* Resources */,
			);
			buildRules = (
			);
			dependencies = (
				CBF2B0FF1D750ACF00BBC217 /* PBXTargetDependency */,
			);
			name = top10Tests;
			productName = top10Tests;
			productReference = CBF2B0FD1D750ACF00BBC217 /* top10Tests.xctest */;
			productType = "com.apple.product-type.bundle.unit-test";
		};
		CBF2B1071D750ACF00BBC217 /* top10UITests */ = {
			isa = PBXNativeTarget;
			buildConfigurationList = CBF2B1171D750ACF00BBC217 /* Build configuration list for PBXNativeTarget "top10UITests" */;
			buildPhases = (
				CBF2B1041D750ACF00BBC217 /* Sources */,
				CBF2B1051D750ACF00BBC217 /* Frameworks */,
				CBF2B1061D750ACF00BBC217 /* Resources */,
			);
			buildRules = (
			);
			dependencies = (
				CBF2B10A1D750ACF00BBC217 /* PBXTargetDependency */,
			);
			name = top10UITests;
			productName = top10UITests;
			productReference = CBF2B1081D750ACF00BBC217 /* top10UITests.xctest */;
			productType = "com.apple.product-type.bundle.ui-testing";
		};
/* End PBXNativeTarget section */

/* Begin PBXProject section */
		CBF2B0E11D750ACF00BBC217 /* Project object */ = {
			isa = PBXProject;
			attributes = {
				LastSwiftUpdateCheck = 0730;
				LastUpgradeCheck = 0730;
				ORGANIZATIONNAME = "Stefanie Seah";
				TargetAttributes = {
					CBF2B0E81D750ACF00BBC217 = {
						CreatedOnToolsVersion = 7.3.1;
					};
					CBF2B0FC1D750ACF00BBC217 = {
						CreatedOnToolsVersion = 7.3.1;
						TestTargetID = CBF2B0E81D750ACF00BBC217;
					};
					CBF2B1071D750ACF00BBC217 = {
						CreatedOnToolsVersion = 7.3.1;
						TestTargetID = CBF2B0E81D750ACF00BBC217;
					};
				};
			};
			buildConfigurationList = CBF2B0E41D750ACF00BBC217 /* Build configuration list for PBXProject "top10" */;
			compatibilityVersion = "Xcode 3.2";
			developmentRegion = English;
			hasScannedForEncodings = 0;
			knownRegions = (
				en,
				Base,
			);
			mainGroup = CBF2B0E01D750ACF00BBC217;
			productRefGroup = CBF2B0EA1D750ACF00BBC217 /* Products */;
			projectDirPath = "";
			projectRoot = "";
			targets = (
				CBF2B0E81D750ACF00BBC217 /* top10 */,
				CBF2B0FC1D750ACF00BBC217 /* top10Tests */,
				CBF2B1071D750ACF00BBC217 /* top10UITests */,
			);
		};
/* End PBXProject section */

/* Begin PBXResourcesBuildPhase section */
		CBF2B0E71D750ACF00BBC217 /* Resources */ = {
			isa = PBXResourcesBuildPhase;
			buildActionMask = 2147483647;
			files = (
				CBF2B0F71D750ACF00BBC217 /* LaunchScreen.storyboard in Resources */,
				CBF2B0F41D750ACF00BBC217 /* Assets.xcassets in Resources */,
				CBF2B0F21D750ACF00BBC217 /* Main.storyboard in Resources */,
			);
			runOnlyForDeploymentPostprocessing = 0;
		};
		CBF2B0FB1D750ACF00BBC217 /* Resources */ = {
			isa = PBXResourcesBuildPhase;
			buildActionMask = 2147483647;
			files = (
			);
			runOnlyForDeploymentPostprocessing = 0;
		};
		CBF2B1061D750ACF00BBC217 /* Resources */ = {
			isa = PBXResourcesBuildPhase;
			buildActionMask = 2147483647;
			files = (
			);
			runOnlyForDeploymentPostprocessing = 0;
		};
/* End PBXResourcesBuildPhase section */

/* Begin PBXShellScriptBuildPhase section */
		065EE6799076F3A981E87740 /* [CP] Check Pods Manifest.lock */ = {
			isa = PBXShellScriptBuildPhase;
			buildActionMask = 2147483647;
			files = (
			);
			inputPaths = (
			);
			name = "[CP] Check Pods Manifest.lock";
			outputPaths = (
			);
			runOnlyForDeploymentPostprocessing = 0;
			shellPath = /bin/sh;
			shellScript = "diff \"${PODS_ROOT}/../Podfile.lock\" \"${PODS_ROOT}/Manifest.lock\" > /dev/null\nif [[ $? != 0 ]] ; then\n    cat << EOM\nerror: The sandbox is not in sync with the Podfile.lock. Run 'pod install' or update your CocoaPods installation.\nEOM\n    exit 1\nfi\n";
			showEnvVarsInLog = 0;
		};
		3B987C36C1E23E2313AB0126 /* [CP] Copy Pods Resources */ = {
			isa = PBXShellScriptBuildPhase;
			buildActionMask = 2147483647;
			files = (
			);
			inputPaths = (
			);
			name = "[CP] Copy Pods Resources";
			outputPaths = (
			);
			runOnlyForDeploymentPostprocessing = 0;
			shellPath = /bin/sh;
			shellScript = "\"${SRCROOT}/Pods/Target Support Files/Pods-top10/Pods-top10-resources.sh\"\n";
			showEnvVarsInLog = 0;
		};
		582A5A860577E91D83BFF484 /* [CP] Embed Pods Frameworks */ = {
			isa = PBXShellScriptBuildPhase;
			buildActionMask = 2147483647;
			files = (
			);
			inputPaths = (
			);
			name = "[CP] Embed Pods Frameworks";
			outputPaths = (
			);
			runOnlyForDeploymentPostprocessing = 0;
			shellPath = /bin/sh;
			shellScript = "\"${SRCROOT}/Pods/Target Support Files/Pods-top10/Pods-top10-frameworks.sh\"\n";
			showEnvVarsInLog = 0;
		};
/* End PBXShellScriptBuildPhase section */

/* Begin PBXSourcesBuildPhase section */
		CBF2B0E51D750ACF00BBC217 /* Sources */ = {
			isa = PBXSourcesBuildPhase;
			buildActionMask = 2147483647;
			files = (
				CBF2B0EF1D750ACF00BBC217 /* ViewController.swift in Sources */,
				CBF2B1221D7551D000BBC217 /* TrendingTopicsViewController.swift in Sources */,
				CBF2B1301D7678AD00BBC217 /* Location.swift in Sources */,
				CBF2B1281D75659600BBC217 /* TrendingTopicViewCell.swift in Sources */,
				CBF2B12E1D76764300BBC217 /* EditLocationViewController.swift in Sources */,
				CBF2B1321D7678D900BBC217 /* LocationModel.swift in Sources */,
				CBF2B12C1D7596D600BBC217 /* TwitterServiceWrapper.swift in Sources */,
				CBF2B1241D75523600BBC217 /* TweetsViewController.swift in Sources */,
				CBF2B11E1D75274600BBC217 /* TrendingTopic.swift in Sources */,
				CBF2B1201D752EE000BBC217 /* TrendingTopicModel.swift in Sources */,
				CBF2B0ED1D750ACF00BBC217 /* AppDelegate.swift in Sources */,
			);
			runOnlyForDeploymentPostprocessing = 0;
		};
		CBF2B0F91D750ACF00BBC217 /* Sources */ = {
			isa = PBXSourcesBuildPhase;
			buildActionMask = 2147483647;
			files = (
				CBF2B1021D750ACF00BBC217 /* top10Tests.swift in Sources */,
			);
			runOnlyForDeploymentPostprocessing = 0;
		};
		CBF2B1041D750ACF00BBC217 /* Sources */ = {
			isa = PBXSourcesBuildPhase;
			buildActionMask = 2147483647;
			files = (
				CBF2B10D1D750ACF00BBC217 /* top10UITests.swift in Sources */,
			);
			runOnlyForDeploymentPostprocessing = 0;
		};
/* End PBXSourcesBuildPhase section */

/* Begin PBXTargetDependency section */
		CBF2B0FF1D750ACF00BBC217 /* PBXTargetDependency */ = {
			isa = PBXTargetDependency;
			target = CBF2B0E81D750ACF00BBC217 /* top10 */;
			targetProxy = CBF2B0FE1D750ACF00BBC217 /* PBXContainerItemProxy */;
		};
		CBF2B10A1D750ACF00BBC217 /* PBXTargetDependency */ = {
			isa = PBXTargetDependency;
			target = CBF2B0E81D750ACF00BBC217 /* top10 */;
			targetProxy = CBF2B1091D750ACF00BBC217 /* PBXContainerItemProxy */;
		};
/* End PBXTargetDependency section */

/* Begin PBXVariantGroup section */
		CBF2B0F01D750ACF00BBC217 /* Main.storyboard */ = {
			isa = PBXVariantGroup;
			children = (
				CBF2B0F11D750ACF00BBC217 /* Base */,
			);
			name = Main.storyboard;
			sourceTree = "<group>";
		};
		CBF2B0F51D750ACF00BBC217 /* LaunchScreen.storyboard */ = {
			isa = PBXVariantGroup;
			children = (
				CBF2B0F61D750ACF00BBC217 /* Base */,
			);
			name = LaunchScreen.storyboard;
			sourceTree = "<group>";
		};
/* End PBXVariantGroup section */

/* Begin XCBuildConfiguration section */
		CBF2B10F1D750ACF00BBC217 /* Debug */ = {
			isa = XCBuildConfiguration;
			buildSettings = {
				ALWAYS_SEARCH_USER_PATHS = NO;
				CLANG_ANALYZER_NONNULL = YES;
				CLANG_CXX_LANGUAGE_STANDARD = "gnu++0x";
				CLANG_CXX_LIBRARY = "libc++";
				CLANG_ENABLE_MODULES = YES;
				CLANG_ENABLE_OBJC_ARC = YES;
				CLANG_WARN_BOOL_CONVERSION = YES;
				CLANG_WARN_CONSTANT_CONVERSION = YES;
				CLANG_WARN_DIRECT_OBJC_ISA_USAGE = YES_ERROR;
				CLANG_WARN_EMPTY_BODY = YES;
				CLANG_WARN_ENUM_CONVERSION = YES;
				CLANG_WARN_INT_CONVERSION = YES;
				CLANG_WARN_OBJC_ROOT_CLASS = YES_ERROR;
				CLANG_WARN_UNREACHABLE_CODE = YES;
				CLANG_WARN__DUPLICATE_METHOD_MATCH = YES;
				"CODE_SIGN_IDENTITY[sdk=iphoneos*]" = "iPhone Developer";
				COPY_PHASE_STRIP = NO;
				DEBUG_INFORMATION_FORMAT = dwarf;
				ENABLE_STRICT_OBJC_MSGSEND = YES;
				ENABLE_TESTABILITY = YES;
				GCC_C_LANGUAGE_STANDARD = gnu99;
				GCC_DYNAMIC_NO_PIC = NO;
				GCC_NO_COMMON_BLOCKS = YES;
				GCC_OPTIMIZATION_LEVEL = 0;
				GCC_PREPROCESSOR_DEFINITIONS = (
					"DEBUG=1",
					"$(inherited)",
				);
				GCC_WARN_64_TO_32_BIT_CONVERSION = YES;
				GCC_WARN_ABOUT_RETURN_TYPE = YES_ERROR;
				GCC_WARN_UNDECLARED_SELECTOR = YES;
				GCC_WARN_UNINITIALIZED_AUTOS = YES_AGGRESSIVE;
				GCC_WARN_UNUSED_FUNCTION = YES;
				GCC_WARN_UNUSED_VARIABLE = YES;
				IPHONEOS_DEPLOYMENT_TARGET = 9.3;
				MTL_ENABLE_DEBUG_INFO = YES;
				ONLY_ACTIVE_ARCH = YES;
				SDKROOT = iphoneos;
				SWIFT_OPTIMIZATION_LEVEL = "-Onone";
			};
			name = Debug;
		};
		CBF2B1101D750ACF00BBC217 /* Release */ = {
			isa = XCBuildConfiguration;
			buildSettings = {
				ALWAYS_SEARCH_USER_PATHS = NO;
				CLANG_ANALYZER_NONNULL = YES;
				CLANG_CXX_LANGUAGE_STANDARD = "gnu++0x";
				CLANG_CXX_LIBRARY = "libc++";
				CLANG_ENABLE_MODULES = YES;
				CLANG_ENABLE_OBJC_ARC = YES;
				CLANG_WARN_BOOL_CONVERSION = YES;
				CLANG_WARN_CONSTANT_CONVERSION = YES;
				CLANG_WARN_DIRECT_OBJC_ISA_USAGE = YES_ERROR;
				CLANG_WARN_EMPTY_BODY = YES;
				CLANG_WARN_ENUM_CONVERSION = YES;
				CLANG_WARN_INT_CONVERSION = YES;
				CLANG_WARN_OBJC_ROOT_CLASS = YES_ERROR;
				CLANG_WARN_UNREACHABLE_CODE = YES;
				CLANG_WARN__DUPLICATE_METHOD_MATCH = YES;
				"CODE_SIGN_IDENTITY[sdk=iphoneos*]" = "iPhone Developer";
				COPY_PHASE_STRIP = NO;
				DEBUG_INFORMATION_FORMAT = "dwarf-with-dsym";
				ENABLE_NS_ASSERTIONS = NO;
				ENABLE_STRICT_OBJC_MSGSEND = YES;
				GCC_C_LANGUAGE_STANDARD = gnu99;
				GCC_NO_COMMON_BLOCKS = YES;
				GCC_WARN_64_TO_32_BIT_CONVERSION = YES;
				GCC_WARN_ABOUT_RETURN_TYPE = YES_ERROR;
				GCC_WARN_UNDECLARED_SELECTOR = YES;
				GCC_WARN_UNINITIALIZED_AUTOS = YES_AGGRESSIVE;
				GCC_WARN_UNUSED_FUNCTION = YES;
				GCC_WARN_UNUSED_VARIABLE = YES;
				IPHONEOS_DEPLOYMENT_TARGET = 9.3;
				MTL_ENABLE_DEBUG_INFO = NO;
				SDKROOT = iphoneos;
				VALIDATE_PRODUCT = YES;
			};
			name = Release;
		};
		CBF2B1121D750ACF00BBC217 /* Debug */ = {
			isa = XCBuildConfiguration;
			baseConfigurationReference = C510FB7273FFA4C3A0482A1A /* Pods-top10.debug.xcconfig */;
			buildSettings = {
				ASSETCATALOG_COMPILER_APPICON_NAME = AppIcon;
				INFOPLIST_FILE = top10/Info.plist;
				LD_RUNPATH_SEARCH_PATHS = "$(inherited) @executable_path/Frameworks";
				PRODUCT_BUNDLE_IDENTIFIER = sseah.top10;
				PRODUCT_NAME = "$(TARGET_NAME)";
			};
			name = Debug;
		};
		CBF2B1131D750ACF00BBC217 /* Release */ = {
			isa = XCBuildConfiguration;
			baseConfigurationReference = E9BE3FF89F9BAA569244559D /* Pods-top10.release.xcconfig */;
			buildSettings = {
				ASSETCATALOG_COMPILER_APPICON_NAME = AppIcon;
				INFOPLIST_FILE = top10/Info.plist;
				LD_RUNPATH_SEARCH_PATHS = "$(inherited) @executable_path/Frameworks";
				PRODUCT_BUNDLE_IDENTIFIER = sseah.top10;
				PRODUCT_NAME = "$(TARGET_NAME)";
			};
			name = Release;
		};
		CBF2B1151D750ACF00BBC217 /* Debug */ = {
			isa = XCBuildConfiguration;
			buildSettings = {
				BUNDLE_LOADER = "$(TEST_HOST)";
				INFOPLIST_FILE = top10Tests/Info.plist;
				LD_RUNPATH_SEARCH_PATHS = "$(inherited) @executable_path/Frameworks @loader_path/Frameworks";
				PRODUCT_BUNDLE_IDENTIFIER = sseah.top10Tests;
				PRODUCT_NAME = "$(TARGET_NAME)";
				TEST_HOST = "$(BUILT_PRODUCTS_DIR)/top10.app/top10";
			};
			name = Debug;
		};
		CBF2B1161D750ACF00BBC217 /* Release */ = {
			isa = XCBuildConfiguration;
			buildSettings = {
				BUNDLE_LOADER = "$(TEST_HOST)";
				INFOPLIST_FILE = top10Tests/Info.plist;
				LD_RUNPATH_SEARCH_PATHS = "$(inherited) @executable_path/Frameworks @loader_path/Frameworks";
				PRODUCT_BUNDLE_IDENTIFIER = sseah.top10Tests;
				PRODUCT_NAME = "$(TARGET_NAME)";
				TEST_HOST = "$(BUILT_PRODUCTS_DIR)/top10.app/top10";
			};
			name = Release;
		};
		CBF2B1181D750ACF00BBC217 /* Debug */ = {
			isa = XCBuildConfiguration;
			buildSettings = {
				INFOPLIST_FILE = top10UITests/Info.plist;
				LD_RUNPATH_SEARCH_PATHS = "$(inherited) @executable_path/Frameworks @loader_path/Frameworks";
				PRODUCT_BUNDLE_IDENTIFIER = sseah.top10UITests;
				PRODUCT_NAME = "$(TARGET_NAME)";
				TEST_TARGET_NAME = top10;
			};
			name = Debug;
		};
		CBF2B1191D750ACF00BBC217 /* Release */ = {
			isa = XCBuildConfiguration;
			buildSettings = {
				INFOPLIST_FILE = top10UITests/Info.plist;
				LD_RUNPATH_SEARCH_PATHS = "$(inherited) @executable_path/Frameworks @loader_path/Frameworks";
				PRODUCT_BUNDLE_IDENTIFIER = sseah.top10UITests;
				PRODUCT_NAME = "$(TARGET_NAME)";
				TEST_TARGET_NAME = top10;
			};
			name = Release;
		};
/* End XCBuildConfiguration section */

/* Begin XCConfigurationList section */
		CBF2B0E41D750ACF00BBC217 /* Build configuration list for PBXProject "top10" */ = {
			isa = XCConfigurationList;
			buildConfigurations = (
				CBF2B10F1D750ACF00BBC217 /* Debug */,
				CBF2B1101D750ACF00BBC217 /* Release */,
			);
			defaultConfigurationIsVisible = 0;
			defaultConfigurationName = Release;
		};
		CBF2B1111D750ACF00BBC217 /* Build configuration list for PBXNativeTarget "top10" */ = {
			isa = XCConfigurationList;
			buildConfigurations = (
				CBF2B1121D750ACF00BBC217 /* Debug */,
				CBF2B1131D750ACF00BBC217 /* Release */,
			);
			defaultConfigurationIsVisible = 0;
			defaultConfigurationName = Release;
		};
		CBF2B1141D750ACF00BBC217 /* Build configuration list for PBXNativeTarget "top10Tests" */ = {
			isa = XCConfigurationList;
			buildConfigurations = (
				CBF2B1151D750ACF00BBC217 /* Debug */,
				CBF2B1161D750ACF00BBC217 /* Release */,
			);
			defaultConfigurationIsVisible = 0;
			defaultConfigurationName = Release;
		};
		CBF2B1171D750ACF00BBC217 /* Build configuration list for PBXNativeTarget "top10UITests" */ = {
			isa = XCConfigurationList;
			buildConfigurations = (
				CBF2B1181D750ACF00BBC217 /* Debug */,
				CBF2B1191D750ACF00BBC217 /* Release */,
			);
			defaultConfigurationIsVisible = 0;
			defaultConfigurationName = Release;
		};
/* End XCConfigurationList section */
	};
	rootObject = CBF2B0E11D750ACF00BBC217 /* Project object */;
}
